
Microsoft Visual Studio Solution File, Format Version 12.00
# Visual Studio Version 17
VisualStudioVersion = 17.7.34024.191
MinimumVisualStudioVersion = 10.0.40219.1
Project("{2150E333-8FDC-42A3-9474-1A3956D46DE8}") = "Task0", "Task0", "{29AA2946-B326-4479-AB58-BD91019145E9}"
EndProject
Project("{FAE04EC0-301F-11D3-BF4B-00C04F79EFBC}") = "Tyuiu.PolyantsevEI.Sprint4.Task0.V26", "Tyuiu.PolyantsevEI.Sprint4.Task0.V26\Tyuiu.PolyantsevEI.Sprint4.Task0.V26.csproj", "{F1AB6CEC-D388-4AB5-8835-1B2E0BF28046}"
EndProject
Project("{FAE04EC0-301F-11D3-BF4B-00C04F79EFBC}") = "Tyuiu.PolyantsevEI.Sprint4.Task0.V26.Lib", "Tyuiu.PolyantsevEI.Sprint4.Task0.V26.Lib\Tyuiu.PolyantsevEI.Sprint4.Task0.V26.Lib.csproj", "{D81531DB-D201-4C78-9B7D-9C49322C208A}"
EndProject
Project("{FAE04EC0-301F-11D3-BF4B-00C04F79EFBC}") = "Tyuiu.PolyantsevEI.Sprint4.Task0.V26.Test", "Tyuiu.PolyantsevEI.Sprint4.Task0.V26.Test\Tyuiu.PolyantsevEI.Sprint4.Task0.V26.Test.csproj", "{242E7D65-BC4F-4F23-8524-C4775D038252}"
EndProject
Project("{2150E333-8FDC-42A3-9474-1A3956D46DE8}") = "Task1", "Task1", "{53C0FACF-DF89-4FFA-9053-FDDF4296A922}"
EndProject
Project("{FAE04EC0-301F-11D3-BF4B-00C04F79EFBC}") = "Tyuiu.PolyantsevEI.Sprint4.Task1.V27", "Tyuiu.PolyantsevEI.Sprint4.Task1.V27\Tyuiu.PolyantsevEI.Sprint4.Task1.V27.csproj", "{2E353967-BECF-46F9-A780-74938F80FE62}"
EndProject
Project("{FAE04EC0-301F-11D3-BF4B-00C04F79EFBC}") = "Tyuiu.PolyantsevEI.Sprint4.Task1.V27.Lib", "Tyuiu.PolyantsevEI.Sprint4.Task1.V27.Lib\Tyuiu.PolyantsevEI.Sprint4.Task1.V27.Lib.csproj", "{D004E651-8C63-4F2A-9E35-AD1D3A59CB1E}"
EndProject
Project("{FAE04EC0-301F-11D3-BF4B-00C04F79EFBC}") = "Tyuiu.PolyantsevEI.Sprint4.Task1.V27.Test", "Tyuiu.PolyantsevEI.Sprint4.Task1.V27.Test\Tyuiu.PolyantsevEI.Sprint4.Task1.V27.Test.csproj", "{07CB7EA5-5D78-4491-B051-2C4DF495BD0A}"
EndProject
Project("{2150E333-8FDC-42A3-9474-1A3956D46DE8}") = "Task2", "Task2", "{F0CDCF72-5A37-48BC-BCE4-25AD206C38B5}"
EndProject
Project("{FAE04EC0-301F-11D3-BF4B-00C04F79EFBC}") = "Tyuiu.PolyantsevEI.Sprint4.Task2.V9", "Tyuiu.PolyantsevEI.Sprint4.Task2.V9\Tyuiu.PolyantsevEI.Sprint4.Task2.V9.csproj", "{C41BDF61-5296-4016-B35F-5A7E4E3E078A}"
EndProject
Project("{FAE04EC0-301F-11D3-BF4B-00C04F79EFBC}") = "Tyuiu.PolyantsevEI.Sprint4.Task2.V9.Lib", "Tyuiu.PolyantsevEI.Sprint4.Task2.V9.Lib\Tyuiu.PolyantsevEI.Sprint4.Task2.V9.Lib.csproj", "{FDFDA0CD-CB78-4112-A95F-B15C4A877B42}"
EndProject
Project("{FAE04EC0-301F-11D3-BF4B-00C04F79EFBC}") = "Tyuiu.PolyantsevEI.Sprint4.Task2.V9.Test", "Tyuiu.PolyantsevEI.Sprint4.Task2.V9.Test\Tyuiu.PolyantsevEI.Sprint4.Task2.V9.Test.csproj", "{CCB722AC-389D-4CB9-AB64-940D28077BF1}"
EndProject
Project("{2150E333-8FDC-42A3-9474-1A3956D46DE8}") = "Task3", "Task3", "{F924AE05-77DE-4FFB-B37D-D0C66D83FD11}"
EndProject
Project("{FAE04EC0-301F-11D3-BF4B-00C04F79EFBC}") = "Tyuiu.PolyantsevEI.Sprint4.Task3.V17", "Tyuiu.PolyantsevEI.Sprint4.Task3.V17\Tyuiu.PolyantsevEI.Sprint4.Task3.V17.csproj", "{03ADEB18-58F4-4669-B358-D3AA4028409F}"
EndProject
Project("{FAE04EC0-301F-11D3-BF4B-00C04F79EFBC}") = "Tyuiu.PolyantsevEI.Sprint4.Task3.V17.Lib", "Tyuiu.PolyantsevEI.Sprint4.Task3.V17.Lib\Tyuiu.PolyantsevEI.Sprint4.Task3.V17.Lib.csproj", "{189BE5BF-D634-4693-8057-5C053A7378FD}"
EndProject
Project("{FAE04EC0-301F-11D3-BF4B-00C04F79EFBC}") = "Tyuiu.PolyantsevEI.Sprint4.Task3.V17.Test", "Tyuiu.PolyantsevEI.Sprint4.Task3.V17.Test\Tyuiu.PolyantsevEI.Sprint4.Task3.V17.Test.csproj", "{F44D549C-9E12-48D1-AC8A-ABF691593170}"
EndProject
Project("{2150E333-8FDC-42A3-9474-1A3956D46DE8}") = "Task4", "Task4", "{45507E13-A33D-4362-A5C5-9D3167109A6F}"
EndProject
Project("{FAE04EC0-301F-11D3-BF4B-00C04F79EFBC}") = "Tyuiu.PolyantsevEI.Sprint4.Task4.V15", "Tyuiu.PolyantsevEI.Sprint4.Task4.V15\Tyuiu.PolyantsevEI.Sprint4.Task4.V15.csproj", "{C5FA6669-252C-472F-A844-DF92CA5CB7AD}"
EndProject
Project("{FAE04EC0-301F-11D3-BF4B-00C04F79EFBC}") = "Tyuiu.PolyantsevEI.Sprint4.Task4.V15.Lib", "Tyuiu.PolyantsevEI.Sprint4.Task4.V15.Lib\Tyuiu.PolyantsevEI.Sprint4.Task4.V15.Lib.csproj", "{F46AD50D-D32E-42FE-9790-59493947036C}"
EndProject
Project("{FAE04EC0-301F-11D3-BF4B-00C04F79EFBC}") = "Tyuiu.PolyantsevEI.Sprint4.Task4.V15.Test", "Tyuiu.PolyantsevEI.Sprint4.Task4.V15.Test\Tyuiu.PolyantsevEI.Sprint4.Task4.V15.Test.csproj", "{DB242CEE-72B3-4BF5-9F7C-199B801CDC06}"
EndProject
Project("{FAE04EC0-301F-11D3-BF4B-00C04F79EFBC}") = "Tyuiu.PolyantsevEI.Sprint4.Task5.V2", "Tyuiu.PolyantsevEI.Sprint4.Task5.V2\Tyuiu.PolyantsevEI.Sprint4.Task5.V2.csproj", "{54935639-B0EC-48DD-8DE4-8CC1A0FE968D}"
EndProject
Project("{2150E333-8FDC-42A3-9474-1A3956D46DE8}") = "Task5", "Task5", "{86E67264-0B95-422B-B431-BBEDA57BE7FD}"
EndProject
Project("{FAE04EC0-301F-11D3-BF4B-00C04F79EFBC}") = "Tyuiu.PolyantsevEI.Sprint4.Task5.V2.Lib", "Tyuiu.PolyantsevEI.Sprint4.Task5.V2.Lib\Tyuiu.PolyantsevEI.Sprint4.Task5.V2.Lib.csproj", "{724E8D2A-2344-4463-9469-BFEF9C1B8754}"
EndProject
Project("{FAE04EC0-301F-11D3-BF4B-00C04F79EFBC}") = "Tyuiu.PolyantsevEI.Sprint4.Task5.V2.Test", "Tyuiu.PolyantsevEI.Sprint4.Task5.V2.Test\Tyuiu.PolyantsevEI.Sprint4.Task5.V2.Test.csproj", "{7A0EFD0C-39BC-4562-903C-F5F6A02C2F7E}"
EndProject
Project("{2150E333-8FDC-42A3-9474-1A3956D46DE8}") = "Task6", "Task6", "{A1626530-0305-4596-BDC3-24CD89096EC7}"
EndProject
Project("{FAE04EC0-301F-11D3-BF4B-00C04F79EFBC}") = "Tyuiu.PolyantsevEI.Sprint4.Task6.V30", "Tyuiu.PolyantsevEI.Sprint4.Task6.V30\Tyuiu.PolyantsevEI.Sprint4.Task6.V30.csproj", "{9FFFC5E6-1C6C-4AFF-A349-CFB909B5C479}"
EndProject
Project("{FAE04EC0-301F-11D3-BF4B-00C04F79EFBC}") = "Tyuiu.PolyantsevEI.Sprint4.Task6.V30.Lib", "Tyuiu.PolyantsevEI.Sprint4.Task6.V30.Lib\Tyuiu.PolyantsevEI.Sprint4.Task6.V30.Lib.csproj", "{F7B61433-7A38-40D5-AC7A-F145887F2827}"
EndProject
Project("{FAE04EC0-301F-11D3-BF4B-00C04F79EFBC}") = "Tyuiu.PolyantsevEI.Sprint4.Task6.V30.Test", "Tyuiu.PolyantsevEI.Sprint4.Task6.V30.Test\Tyuiu.PolyantsevEI.Sprint4.Task6.V30.Test.csproj", "{5878F002-3A71-4B6B-AD62-507C8971F6AA}"
EndProject
Project("{2150E333-8FDC-42A3-9474-1A3956D46DE8}") = "Task7", "Task7", "{089CE3B5-8D3C-420B-AD35-6EF19F077EDD}"
EndProject
Project("{FAE04EC0-301F-11D3-BF4B-00C04F79EFBC}") = "Tyuiu.PolyantsevEI.Sprint4.Task7.V18.Test", "Tyuiu.PolyantsevEI.Sprint4.Task7.V18.Test\Tyuiu.PolyantsevEI.Sprint4.Task7.V18.Test.csproj", "{B93577B0-21EE-4B68-A024-DD8D6E534A11}"
EndProject
Project("{FAE04EC0-301F-11D3-BF4B-00C04F79EFBC}") = "Tyuiu.PolyantsevEI.Sprint4.Task7.V18.Lib", "Tyuiu.PolyantsevEI.Sprint4.Task7.V18.Lib\Tyuiu.PolyantsevEI.Sprint4.Task7.V18.Lib.csproj", "{B6CE67BC-D232-4B0F-858F-85DD75F0A292}"
EndProject
Project("{FAE04EC0-301F-11D3-BF4B-00C04F79EFBC}") = "Tyuiu.PolyantsevEI.Sprint4.Task7.V18", "Tyuiu.PolyantsevEI.Sprint4.Task7.V18\Tyuiu.PolyantsevEI.Sprint4.Task7.V18.csproj", "{63DFD4D4-BA02-484D-910D-B20B5BE7A32B}"
EndProject
Global
	GlobalSection(SolutionConfigurationPlatforms) = preSolution
		Debug|Any CPU = Debug|Any CPU
		Release|Any CPU = Release|Any CPU
	EndGlobalSection
	GlobalSection(ProjectConfigurationPlatforms) = postSolution
		{F1AB6CEC-D388-4AB5-8835-1B2E0BF28046}.Debug|Any CPU.ActiveCfg = Debug|Any CPU
		{F1AB6CEC-D388-4AB5-8835-1B2E0BF28046}.Debug|Any CPU.Build.0 = Debug|Any CPU
		{F1AB6CEC-D388-4AB5-8835-1B2E0BF28046}.Release|Any CPU.ActiveCfg = Release|Any CPU
		{F1AB6CEC-D388-4AB5-8835-1B2E0BF28046}.Release|Any CPU.Build.0 = Release|Any CPU
		{D81531DB-D201-4C78-9B7D-9C49322C208A}.Debug|Any CPU.ActiveCfg = Debug|Any CPU
		{D81531DB-D201-4C78-9B7D-9C49322C208A}.Debug|Any CPU.Build.0 = Debug|Any CPU
		{D81531DB-D201-4C78-9B7D-9C49322C208A}.Release|Any CPU.ActiveCfg = Release|Any CPU
		{D81531DB-D201-4C78-9B7D-9C49322C208A}.Release|Any CPU.Build.0 = Release|Any CPU
		{242E7D65-BC4F-4F23-8524-C4775D038252}.Debug|Any CPU.ActiveCfg = Debug|Any CPU
		{242E7D65-BC4F-4F23-8524-C4775D038252}.Debug|Any CPU.Build.0 = Debug|Any CPU
		{242E7D65-BC4F-4F23-8524-C4775D038252}.Release|Any CPU.ActiveCfg = Release|Any CPU
		{242E7D65-BC4F-4F23-8524-C4775D038252}.Release|Any CPU.Build.0 = Release|Any CPU
		{2E353967-BECF-46F9-A780-74938F80FE62}.Debug|Any CPU.ActiveCfg = Debug|Any CPU
		{2E353967-BECF-46F9-A780-74938F80FE62}.Debug|Any CPU.Build.0 = Debug|Any CPU
		{2E353967-BECF-46F9-A780-74938F80FE62}.Release|Any CPU.ActiveCfg = Release|Any CPU
		{2E353967-BECF-46F9-A780-74938F80FE62}.Release|Any CPU.Build.0 = Release|Any CPU
		{D004E651-8C63-4F2A-9E35-AD1D3A59CB1E}.Debug|Any CPU.ActiveCfg = Debug|Any CPU
		{D004E651-8C63-4F2A-9E35-AD1D3A59CB1E}.Debug|Any CPU.Build.0 = Debug|Any CPU
		{D004E651-8C63-4F2A-9E35-AD1D3A59CB1E}.Release|Any CPU.ActiveCfg = Release|Any CPU
		{D004E651-8C63-4F2A-9E35-AD1D3A59CB1E}.Release|Any CPU.Build.0 = Release|Any CPU
		{07CB7EA5-5D78-4491-B051-2C4DF495BD0A}.Debug|Any CPU.ActiveCfg = Debug|Any CPU
		{07CB7EA5-5D78-4491-B051-2C4DF495BD0A}.Debug|Any CPU.Build.0 = Debug|Any CPU
		{07CB7EA5-5D78-4491-B051-2C4DF495BD0A}.Release|Any CPU.ActiveCfg = Release|Any CPU
		{07CB7EA5-5D78-4491-B051-2C4DF495BD0A}.Release|Any CPU.Build.0 = Release|Any CPU
		{C41BDF61-5296-4016-B35F-5A7E4E3E078A}.Debug|Any CPU.ActiveCfg = Debug|Any CPU
		{C41BDF61-5296-4016-B35F-5A7E4E3E078A}.Debug|Any CPU.Build.0 = Debug|Any CPU
		{C41BDF61-5296-4016-B35F-5A7E4E3E078A}.Release|Any CPU.ActiveCfg = Release|Any CPU
		{C41BDF61-5296-4016-B35F-5A7E4E3E078A}.Release|Any CPU.Build.0 = Release|Any CPU
		{FDFDA0CD-CB78-4112-A95F-B15C4A877B42}.Debug|Any CPU.ActiveCfg = Debug|Any CPU
		{FDFDA0CD-CB78-4112-A95F-B15C4A877B42}.Debug|Any CPU.Build.0 = Debug|Any CPU
		{FDFDA0CD-CB78-4112-A95F-B15C4A877B42}.Release|Any CPU.ActiveCfg = Release|Any CPU
		{FDFDA0CD-CB78-4112-A95F-B15C4A877B42}.Release|Any CPU.Build.0 = Release|Any CPU
		{CCB722AC-389D-4CB9-AB64-940D28077BF1}.Debug|Any CPU.ActiveCfg = Debug|Any CPU
		{CCB722AC-389D-4CB9-AB64-940D28077BF1}.Debug|Any CPU.Build.0 = Debug|Any CPU
		{CCB722AC-389D-4CB9-AB64-940D28077BF1}.Release|Any CPU.ActiveCfg = Release|Any CPU
		{CCB722AC-389D-4CB9-AB64-940D28077BF1}.Release|Any CPU.Build.0 = Release|Any CPU
		{03ADEB18-58F4-4669-B358-D3AA4028409F}.Debug|Any CPU.ActiveCfg = Debug|Any CPU
		{03ADEB18-58F4-4669-B358-D3AA4028409F}.Debug|Any CPU.Build.0 = Debug|Any CPU
		{03ADEB18-58F4-4669-B358-D3AA4028409F}.Release|Any CPU.ActiveCfg = Release|Any CPU
		{03ADEB18-58F4-4669-B358-D3AA4028409F}.Release|Any CPU.Build.0 = Release|Any CPU
		{189BE5BF-D634-4693-8057-5C053A7378FD}.Debug|Any CPU.ActiveCfg = Debug|Any CPU
		{189BE5BF-D634-4693-8057-5C053A7378FD}.Debug|Any CPU.Build.0 = Debug|Any CPU
		{189BE5BF-D634-4693-8057-5C053A7378FD}.Release|Any CPU.ActiveCfg = Release|Any CPU
		{189BE5BF-D634-4693-8057-5C053A7378FD}.Release|Any CPU.Build.0 = Release|Any CPU
		{F44D549C-9E12-48D1-AC8A-ABF691593170}.Debug|Any CPU.ActiveCfg = Debug|Any CPU
		{F44D549C-9E12-48D1-AC8A-ABF691593170}.Debug|Any CPU.Build.0 = Debug|Any CPU
		{F44D549C-9E12-48D1-AC8A-ABF691593170}.Release|Any CPU.ActiveCfg = Release|Any CPU
		{F44D549C-9E12-48D1-AC8A-ABF691593170}.Release|Any CPU.Build.0 = Release|Any CPU
		{C5FA6669-252C-472F-A844-DF92CA5CB7AD}.Debug|Any CPU.ActiveCfg = Debug|Any CPU
		{C5FA6669-252C-472F-A844-DF92CA5CB7AD}.Debug|Any CPU.Build.0 = Debug|Any CPU
		{C5FA6669-252C-472F-A844-DF92CA5CB7AD}.Release|Any CPU.ActiveCfg = Release|Any CPU
		{C5FA6669-252C-472F-A844-DF92CA5CB7AD}.Release|Any CPU.Build.0 = Release|Any CPU
		{F46AD50D-D32E-42FE-9790-59493947036C}.Debug|Any CPU.ActiveCfg = Debug|Any CPU
		{F46AD50D-D32E-42FE-9790-59493947036C}.Debug|Any CPU.Build.0 = Debug|Any CPU
		{F46AD50D-D32E-42FE-9790-59493947036C}.Release|Any CPU.ActiveCfg = Release|Any CPU
		{F46AD50D-D32E-42FE-9790-59493947036C}.Release|Any CPU.Build.0 = Release|Any CPU
		{DB242CEE-72B3-4BF5-9F7C-199B801CDC06}.Debug|Any CPU.ActiveCfg = Debug|Any CPU
		{DB242CEE-72B3-4BF5-9F7C-199B801CDC06}.Debug|Any CPU.Build.0 = Debug|Any CPU
		{DB242CEE-72B3-4BF5-9F7C-199B801CDC06}.Release|Any CPU.ActiveCfg = Release|Any CPU
		{DB242CEE-72B3-4BF5-9F7C-199B801CDC06}.Release|Any CPU.Build.0 = Release|Any CPU
		{54935639-B0EC-48DD-8DE4-8CC1A0FE968D}.Debug|Any CPU.ActiveCfg = Debug|Any CPU
		{54935639-B0EC-48DD-8DE4-8CC1A0FE968D}.Debug|Any CPU.Build.0 = Debug|Any CPU
		{54935639-B0EC-48DD-8DE4-8CC1A0FE968D}.Release|Any CPU.ActiveCfg = Release|Any CPU
		{54935639-B0EC-48DD-8DE4-8CC1A0FE968D}.Release|Any CPU.Build.0 = Release|Any CPU
		{724E8D2A-2344-4463-9469-BFEF9C1B8754}.Debug|Any CPU.ActiveCfg = Debug|Any CPU
		{724E8D2A-2344-4463-9469-BFEF9C1B8754}.Debug|Any CPU.Build.0 = Debug|Any CPU
		{724E8D2A-2344-4463-9469-BFEF9C1B8754}.Release|Any CPU.ActiveCfg = Release|Any CPU
		{724E8D2A-2344-4463-9469-BFEF9C1B8754}.Release|Any CPU.Build.0 = Release|Any CPU
		{7A0EFD0C-39BC-4562-903C-F5F6A02C2F7E}.Debug|Any CPU.ActiveCfg = Debug|Any CPU
		{7A0EFD0C-39BC-4562-903C-F5F6A02C2F7E}.Debug|Any CPU.Build.0 = Debug|Any CPU
		{7A0EFD0C-39BC-4562-903C-F5F6A02C2F7E}.Release|Any CPU.ActiveCfg = Release|Any CPU
		{7A0EFD0C-39BC-4562-903C-F5F6A02C2F7E}.Release|Any CPU.Build.0 = Release|Any CPU
		{9FFFC5E6-1C6C-4AFF-A349-CFB909B5C479}.Debug|Any CPU.ActiveCfg = Debug|Any CPU
		{9FFFC5E6-1C6C-4AFF-A349-CFB909B5C479}.Debug|Any CPU.Build.0 = Debug|Any CPU
		{9FFFC5E6-1C6C-4AFF-A349-CFB909B5C479}.Release|Any CPU.ActiveCfg = Release|Any CPU
		{9FFFC5E6-1C6C-4AFF-A349-CFB909B5C479}.Release|Any CPU.Build.0 = Release|Any CPU
		{F7B61433-7A38-40D5-AC7A-F145887F2827}.Debug|Any CPU.ActiveCfg = Debug|Any CPU
		{F7B61433-7A38-40D5-AC7A-F145887F2827}.Debug|Any CPU.Build.0 = Debug|Any CPU
		{F7B61433-7A38-40D5-AC7A-F145887F2827}.Release|Any CPU.ActiveCfg = Release|Any CPU
		{F7B61433-7A38-40D5-AC7A-F145887F2827}.Release|Any CPU.Build.0 = Release|Any CPU
		{5878F002-3A71-4B6B-AD62-507C8971F6AA}.Debug|Any CPU.ActiveCfg = Debug|Any CPU
		{5878F002-3A71-4B6B-AD62-507C8971F6AA}.Debug|Any CPU.Build.0 = Debug|Any CPU
		{5878F002-3A71-4B6B-AD62-507C8971F6AA}.Release|Any CPU.ActiveCfg = Release|Any CPU
		{5878F002-3A71-4B6B-AD62-507C8971F6AA}.Release|Any CPU.Build.0 = Release|Any CPU
		{B93577B0-21EE-4B68-A024-DD8D6E534A11}.Debug|Any CPU.ActiveCfg = Debug|Any CPU
		{B93577B0-21EE-4B68-A024-DD8D6E534A11}.Debug|Any CPU.Build.0 = Debug|Any CPU
		{B93577B0-21EE-4B68-A024-DD8D6E534A11}.Release|Any CPU.ActiveCfg = Release|Any CPU
		{B93577B0-21EE-4B68-A024-DD8D6E534A11}.Release|Any CPU.Build.0 = Release|Any CPU
		{B6CE67BC-D232-4B0F-858F-85DD75F0A292}.Debug|Any CPU.ActiveCfg = Debug|Any CPU
		{B6CE67BC-D232-4B0F-858F-85DD75F0A292}.Debug|Any CPU.Build.0 = Debug|Any CPU
		{B6CE67BC-D232-4B0F-858F-85DD75F0A292}.Release|Any CPU.ActiveCfg = Release|Any CPU
		{B6CE67BC-D232-4B0F-858F-85DD75F0A292}.Release|Any CPU.Build.0 = Release|Any CPU
		{63DFD4D4-BA02-484D-910D-B20B5BE7A32B}.Debug|Any CPU.ActiveCfg = Debug|Any CPU
		{63DFD4D4-BA02-484D-910D-B20B5BE7A32B}.Debug|Any CPU.Build.0 = Debug|Any CPU
		{63DFD4D4-BA02-484D-910D-B20B5BE7A32B}.Release|Any CPU.ActiveCfg = Release|Any CPU
		{63DFD4D4-BA02-484D-910D-B20B5BE7A32B}.Release|Any CPU.Build.0 = Release|Any CPU
	EndGlobalSection
	GlobalSection(SolutionProperties) = preSolution
		HideSolutionNode = FALSE
	EndGlobalSection
	GlobalSection(NestedProjects) = preSolution
		{F1AB6CEC-D388-4AB5-8835-1B2E0BF28046} = {29AA2946-B326-4479-AB58-BD91019145E9}
		{D81531DB-D201-4C78-9B7D-9C49322C208A} = {29AA2946-B326-4479-AB58-BD91019145E9}
		{242E7D65-BC4F-4F23-8524-C4775D038252} = {29AA2946-B326-4479-AB58-BD91019145E9}
		{2E353967-BECF-46F9-A780-74938F80FE62} = {53C0FACF-DF89-4FFA-9053-FDDF4296A922}
		{D004E651-8C63-4F2A-9E35-AD1D3A59CB1E} = {53C0FACF-DF89-4FFA-9053-FDDF4296A922}
		{07CB7EA5-5D78-4491-B051-2C4DF495BD0A} = {53C0FACF-DF89-4FFA-9053-FDDF4296A922}
		{C41BDF61-5296-4016-B35F-5A7E4E3E078A} = {F0CDCF72-5A37-48BC-BCE4-25AD206C38B5}
		{FDFDA0CD-CB78-4112-A95F-B15C4A877B42} = {F0CDCF72-5A37-48BC-BCE4-25AD206C38B5}
		{CCB722AC-389D-4CB9-AB64-940D28077BF1} = {F0CDCF72-5A37-48BC-BCE4-25AD206C38B5}
		{03ADEB18-58F4-4669-B358-D3AA4028409F} = {F924AE05-77DE-4FFB-B37D-D0C66D83FD11}
		{189BE5BF-D634-4693-8057-5C053A7378FD} = {F924AE05-77DE-4FFB-B37D-D0C66D83FD11}
		{F44D549C-9E12-48D1-AC8A-ABF691593170} = {F924AE05-77DE-4FFB-B37D-D0C66D83FD11}
		{C5FA6669-252C-472F-A844-DF92CA5CB7AD} = {45507E13-A33D-4362-A5C5-9D3167109A6F}
		{F46AD50D-D32E-42FE-9790-59493947036C} = {45507E13-A33D-4362-A5C5-9D3167109A6F}
		{DB242CEE-72B3-4BF5-9F7C-199B801CDC06} = {45507E13-A33D-4362-A5C5-9D3167109A6F}
		{54935639-B0EC-48DD-8DE4-8CC1A0FE968D} = {86E67264-0B95-422B-B431-BBEDA57BE7FD}
		{724E8D2A-2344-4463-9469-BFEF9C1B8754} = {86E67264-0B95-422B-B431-BBEDA57BE7FD}
		{7A0EFD0C-39BC-4562-903C-F5F6A02C2F7E} = {86E67264-0B95-422B-B431-BBEDA57BE7FD}
		{9FFFC5E6-1C6C-4AFF-A349-CFB909B5C479} = {A1626530-0305-4596-BDC3-24CD89096EC7}
		{F7B61433-7A38-40D5-AC7A-F145887F2827} = {A1626530-0305-4596-BDC3-24CD89096EC7}
		{5878F002-3A71-4B6B-AD62-507C8971F6AA} = {A1626530-0305-4596-BDC3-24CD89096EC7}
		{B93577B0-21EE-4B68-A024-DD8D6E534A11} = {089CE3B5-8D3C-420B-AD35-6EF19F077EDD}
		{B6CE67BC-D232-4B0F-858F-85DD75F0A292} = {089CE3B5-8D3C-420B-AD35-6EF19F077EDD}
		{63DFD4D4-BA02-484D-910D-B20B5BE7A32B} = {089CE3B5-8D3C-420B-AD35-6EF19F077EDD}
	EndGlobalSection
	GlobalSection(ExtensibilityGlobals) = postSolution
		SolutionGuid = {A59DCEE2-5405-4451-8A79-69AD13365C0A}
	EndGlobalSection
EndGlobal
